
Microsoft Visual Studio Solution File, Format Version 12.00
# Visual Studio Version 16
VisualStudioVersion = 16.0.30011.22
MinimumVisualStudioVersion = 10.0.40219.1
Project("{FAE04EC0-301F-11D3-BF4B-00C04F79EFBC}") = "архиватор", "архиватор\архиватор.csproj", "{627C7780-C8E8-40CB-9DF9-3625EBDAA244}"
EndProject
Global
	GlobalSection(SolutionConfigurationPlatforms) = preSolution
		Debug|Any CPU = Debug|Any CPU
		Release|Any CPU = Release|Any CPU
	EndGlobalSection
	GlobalSection(ProjectConfigurationPlatforms) = postSolution
		{627C7780-C8E8-40CB-9DF9-3625EBDAA244}.Debug|Any CPU.ActiveCfg = Debug|Any CPU
		{627C7780-C8E8-40CB-9DF9-3625EBDAA244}.Debug|Any CPU.Build.0 = Debug|Any CPU
		{627C7780-C8E8-40CB-9DF9-3625EBDAA244}.Release|Any CPU.ActiveCfg = Release|Any CPU
		{627C7780-C8E8-40CB-9DF9-3625EBDAA244}.Release|Any CPU.Build.0 = Release|Any CPU
	EndGlobalSection
	GlobalSection(SolutionProperties) = preSolution
		HideSolutionNode = FALSE
	EndGlobalSection
	GlobalSection(ExtensibilityGlobals) = postSolution
		SolutionGuid = {67A1D82F-B591-4899-98F0-6DA7D0926669}
	EndGlobalSection
EndGlobal
